{
  "name": "moddable-labs",
  "version": "0.0.1",
  "lockfileVersion": 3,
  "requires": true,
  "packages": {
    "": {
      "name": "moddable-labs",
      "version": "0.0.1",
      "license": "ISC",
      "devDependencies": {
        "@moddable/typings": "^1.0.3"
      }
    },
    "node_modules/@moddable/typings": {
      "version": "1.0.3",
      "resolved": "https://registry.npmjs.org/@moddable/typings/-/typings-1.0.3.tgz",
      "integrity": "sha512-xfPrmfPV5OdDbtNHj3M7FnHnX3RjrFwbazXQ6gThiobJEpW9NqzhK8Zl8iiKHY8B4r61T6XL6m+rUEAOOn5LMg==",
      "dev": true
    }
  }
}
