{
  "name": "moddable-labs",
  "version": "0.0.1",
  "lockfileVersion": 3,
  "requires": true,
  "packages": {
    "": {
      "name": "moddable-labs",
      "version": "0.0.1",
      "license": "ISC",
      "devDependencies": {
        "@moddable/typings": "^4.9.5"
      }
    },
    "node_modules/@moddable/typings": {
      "version": "4.9.5",
      "resolved": "https://registry.npmjs.org/@moddable/typings/-/typings-4.9.5.tgz",
      "integrity": "sha512-pnHZ6hpO9LhUal/O18gTuzAH4H9qm1MTa+Yb4NnlVgP84mz6u97Z7peSR2yyGTxpiPnXTX6aF9Gm8APC4ZvCgg==",
      "dev": true
    }
  }
}
