{
    "name": "@moddable/eventemitter",
    "version": "1.0.0",
    "lockfileVersion": 3,
    "requires": true,
    "packages": {
        "": {
            "name": "@moddable/eventemitter",
            "version": "1.0.0",
            "license": "ISC",
            "dependencies": {
                "@moddable/eventemitter3": "^1.0.0"
            },
            "devDependencies": {
                "@moddable/typings": "^5.6.0"
            }
        },
        "node_modules/@moddable/eventemitter3": {
            "version": "1.0.1",
            "resolved": "https://registry.npmjs.org/@moddable/eventemitter3/-/eventemitter3-1.0.1.tgz",
            "integrity": "sha512-nNhQA+juAqiHT4FOmyuRApX5Ihk1QQqmG7IQMej2wpHSSCzlZ2imM89GSU/2FdXnwyKE5k1DhM7+B+53uV9kNQ==",
            "license": "MIT"
        },
        "node_modules/@moddable/typings": {
            "version": "5.6.0",
            "resolved": "https://registry.npmjs.org/@moddable/typings/-/typings-5.6.0.tgz",
            "integrity": "sha512-hwJA96gsBE91rq04DkS9UbLF0PVUkqITD7AxZA7b5FhHOtOmsVHelBj9/ljxpw04/xzmAfAShipYLZSJ8mk1gw==",
            "dev": true,
            "license": "ISC"
        }
    }
}
